# This file is automatically @generated by Cargo.
# It is not intended for manual editing.
version = 4

[[package]]
name = "ha-cli"
version = "0.1.0"
dependencies = [
 "ha-core",
]

[[package]]
name = "ha-core"
version = "0.1.0"

[[package]]
name = "ha-privacy"
version = "0.1.0"

[[package]]
name = "ha-store"
version = "0.1.0"
